
Microsoft Visual Studio Solution File, Format Version 12.00
# Visual Studio Version 17
VisualStudioVersion = 17.6.33829.357
MinimumVisualStudioVersion = 10.0.40219.1
Project("{FAE04EC0-301F-11D3-BF4B-00C04F79EFBC}") = "datastructure-prac-arraylist", "datastructure-prac-arraylist\datastructure-prac-arraylist.csproj", "{50414961-19F4-4DB1-BA9A-B06097AA50EC}"
EndProject
Global
	GlobalSection(SolutionConfigurationPlatforms) = preSolution
		Debug|Any CPU = Debug|Any CPU
		Release|Any CPU = Release|Any CPU
	EndGlobalSection
	GlobalSection(ProjectConfigurationPlatforms) = postSolution
		{50414961-19F4-4DB1-BA9A-B06097AA50EC}.Debug|Any CPU.ActiveCfg = Debug|Any CPU
		{50414961-19F4-4DB1-BA9A-B06097AA50EC}.Debug|Any CPU.Build.0 = Debug|Any CPU
		{50414961-19F4-4DB1-BA9A-B06097AA50EC}.Release|Any CPU.ActiveCfg = Release|Any CPU
		{50414961-19F4-4DB1-BA9A-B06097AA50EC}.Release|Any CPU.Build.0 = Release|Any CPU
	EndGlobalSection
	GlobalSection(SolutionProperties) = preSolution
		HideSolutionNode = FALSE
	EndGlobalSection
	GlobalSection(ExtensibilityGlobals) = postSolution
		SolutionGuid = {23D6ED41-3C7B-46BB-9D5C-CCC58CB01A49}
	EndGlobalSection
EndGlobal
