
Microsoft Visual Studio Solution File, Format Version 12.00
# Visual Studio Version 17
VisualStudioVersion = 17.6.33829.357
MinimumVisualStudioVersion = 10.0.40219.1
Project("{FAE04EC0-301F-11D3-BF4B-00C04F79EFBC}") = "interface-prac", "interface-prac\interface-prac.csproj", "{B40A47AB-2482-433D-99F5-1CE7248B16A8}"
EndProject
Global
	GlobalSection(SolutionConfigurationPlatforms) = preSolution
		Debug|Any CPU = Debug|Any CPU
		Release|Any CPU = Release|Any CPU
	EndGlobalSection
	GlobalSection(ProjectConfigurationPlatforms) = postSolution
		{B40A47AB-2482-433D-99F5-1CE7248B16A8}.Debug|Any CPU.ActiveCfg = Debug|Any CPU
		{B40A47AB-2482-433D-99F5-1CE7248B16A8}.Debug|Any CPU.Build.0 = Debug|Any CPU
		{B40A47AB-2482-433D-99F5-1CE7248B16A8}.Release|Any CPU.ActiveCfg = Release|Any CPU
		{B40A47AB-2482-433D-99F5-1CE7248B16A8}.Release|Any CPU.Build.0 = Release|Any CPU
	EndGlobalSection
	GlobalSection(SolutionProperties) = preSolution
		HideSolutionNode = FALSE
	EndGlobalSection
	GlobalSection(ExtensibilityGlobals) = postSolution
		SolutionGuid = {98808091-DA07-43CA-B84A-608C4F74E2F1}
	EndGlobalSection
EndGlobal
