
Microsoft Visual Studio Solution File, Format Version 12.00
# Visual Studio Version 17
VisualStudioVersion = 17.6.33815.320
MinimumVisualStudioVersion = 10.0.40219.1
Project("{FAE04EC0-301F-11D3-BF4B-00C04F79EFBC}") = "guessing-game", "guessing-game\guessing-game.csproj", "{12ABC14D-6E6C-4A58-A807-2C1C70C25293}"
EndProject
Global
	GlobalSection(SolutionConfigurationPlatforms) = preSolution
		Debug|Any CPU = Debug|Any CPU
		Release|Any CPU = Release|Any CPU
	EndGlobalSection
	GlobalSection(ProjectConfigurationPlatforms) = postSolution
		{12ABC14D-6E6C-4A58-A807-2C1C70C25293}.Debug|Any CPU.ActiveCfg = Debug|Any CPU
		{12ABC14D-6E6C-4A58-A807-2C1C70C25293}.Debug|Any CPU.Build.0 = Debug|Any CPU
		{12ABC14D-6E6C-4A58-A807-2C1C70C25293}.Release|Any CPU.ActiveCfg = Release|Any CPU
		{12ABC14D-6E6C-4A58-A807-2C1C70C25293}.Release|Any CPU.Build.0 = Release|Any CPU
	EndGlobalSection
	GlobalSection(SolutionProperties) = preSolution
		HideSolutionNode = FALSE
	EndGlobalSection
	GlobalSection(ExtensibilityGlobals) = postSolution
		SolutionGuid = {F6311DC7-B1E2-4FD3-BEF1-A6D8D05F33D3}
	EndGlobalSection
EndGlobal
